
Microsoft Visual Studio Solution File, Format Version 12.00
# Visual Studio 15
VisualStudioVersion = 15.0.26124.0
MinimumVisualStudioVersion = 15.0.26124.0
Project("{2150E333-8FDC-42A3-9474-1A3956D46DE8}") = "src", "src", "{FCCFFA36-508C-46A4-A553-1867D8083394}"
EndProject
Project("{FAE04EC0-301F-11D3-BF4B-00C04F79EFBC}") = "PaymentGateway", "src\PaymentGateway\PaymentGateway.csproj", "{DD98D463-F1DC-4BD6-A74F-63ECDD911A63}"
EndProject
Project("{2150E333-8FDC-42A3-9474-1A3956D46DE8}") = "tests", "tests", "{59824AC0-FF20-4698-B1ED-3A99871F4055}"
EndProject
Project("{FAE04EC0-301F-11D3-BF4B-00C04F79EFBC}") = "PaymentGateway.Tests", "tests\PaymentGateway.Tests\PaymentGateway.Tests.csproj", "{8383B266-7FE5-45B7-A6CA-E39CF0643752}"
EndProject
Global
	GlobalSection(SolutionConfigurationPlatforms) = preSolution
		Debug|Any CPU = Debug|Any CPU
		Debug|x64 = Debug|x64
		Debug|x86 = Debug|x86
		Release|Any CPU = Release|Any CPU
		Release|x64 = Release|x64
		Release|x86 = Release|x86
	EndGlobalSection
	GlobalSection(SolutionProperties) = preSolution
		HideSolutionNode = FALSE
	EndGlobalSection
	GlobalSection(ProjectConfigurationPlatforms) = postSolution
		{DD98D463-F1DC-4BD6-A74F-63ECDD911A63}.Debug|Any CPU.ActiveCfg = Debug|Any CPU
		{DD98D463-F1DC-4BD6-A74F-63ECDD911A63}.Debug|Any CPU.Build.0 = Debug|Any CPU
		{DD98D463-F1DC-4BD6-A74F-63ECDD911A63}.Debug|x64.ActiveCfg = Debug|Any CPU
		{DD98D463-F1DC-4BD6-A74F-63ECDD911A63}.Debug|x64.Build.0 = Debug|Any CPU
		{DD98D463-F1DC-4BD6-A74F-63ECDD911A63}.Debug|x86.ActiveCfg = Debug|Any CPU
		{DD98D463-F1DC-4BD6-A74F-63ECDD911A63}.Debug|x86.Build.0 = Debug|Any CPU
		{DD98D463-F1DC-4BD6-A74F-63ECDD911A63}.Release|Any CPU.ActiveCfg = Release|Any CPU
		{DD98D463-F1DC-4BD6-A74F-63ECDD911A63}.Release|Any CPU.Build.0 = Release|Any CPU
		{DD98D463-F1DC-4BD6-A74F-63ECDD911A63}.Release|x64.ActiveCfg = Release|Any CPU
		{DD98D463-F1DC-4BD6-A74F-63ECDD911A63}.Release|x64.Build.0 = Release|Any CPU
		{DD98D463-F1DC-4BD6-A74F-63ECDD911A63}.Release|x86.ActiveCfg = Release|Any CPU
		{DD98D463-F1DC-4BD6-A74F-63ECDD911A63}.Release|x86.Build.0 = Release|Any CPU
		{8383B266-7FE5-45B7-A6CA-E39CF0643752}.Debug|Any CPU.ActiveCfg = Debug|Any CPU
		{8383B266-7FE5-45B7-A6CA-E39CF0643752}.Debug|Any CPU.Build.0 = Debug|Any CPU
		{8383B266-7FE5-45B7-A6CA-E39CF0643752}.Debug|x64.ActiveCfg = Debug|Any CPU
		{8383B266-7FE5-45B7-A6CA-E39CF0643752}.Debug|x64.Build.0 = Debug|Any CPU
		{8383B266-7FE5-45B7-A6CA-E39CF0643752}.Debug|x86.ActiveCfg = Debug|Any CPU
		{8383B266-7FE5-45B7-A6CA-E39CF0643752}.Debug|x86.Build.0 = Debug|Any CPU
		{8383B266-7FE5-45B7-A6CA-E39CF0643752}.Release|Any CPU.ActiveCfg = Release|Any CPU
		{8383B266-7FE5-45B7-A6CA-E39CF0643752}.Release|Any CPU.Build.0 = Release|Any CPU
		{8383B266-7FE5-45B7-A6CA-E39CF0643752}.Release|x64.ActiveCfg = Release|Any CPU
		{8383B266-7FE5-45B7-A6CA-E39CF0643752}.Release|x64.Build.0 = Release|Any CPU
		{8383B266-7FE5-45B7-A6CA-E39CF0643752}.Release|x86.ActiveCfg = Release|Any CPU
		{8383B266-7FE5-45B7-A6CA-E39CF0643752}.Release|x86.Build.0 = Release|Any CPU
	EndGlobalSection
	GlobalSection(NestedProjects) = preSolution
		{DD98D463-F1DC-4BD6-A74F-63ECDD911A63} = {FCCFFA36-508C-46A4-A553-1867D8083394}
		{8383B266-7FE5-45B7-A6CA-E39CF0643752} = {59824AC0-FF20-4698-B1ED-3A99871F4055}
	EndGlobalSection
EndGlobal
